// !$*UTF8*$!
{
	archiveVersion = 1;
	classes = {
	};
	objectVersion = 55;
	objects = {

/* Begin PBXBuildFile section */
		64BE23CC29DBD0DC00CEE5F2 /* SearchView.swift in Sources */ = {isa = PBXBuildFile; fileRef = 64BE23CB29DBD0DC00CEE5F2 /* SearchView.swift */; };
		64BE23CE29DBD7C900CEE5F2 /* Location Data.swift in Sources */ = {isa = PBXBuildFile; fileRef = 64BE23CD29DBD7C900CEE5F2 /* Location Data.swift */; };
		64BE23D229DBF26100CEE5F2 /* MOCK_DATA.json in Resources */ = {isa = PBXBuildFile; fileRef = 64BE23D129DBF26100CEE5F2 /* MOCK_DATA.json */; };
		C63C81DB29AC803A00567B1B /* FavouritesView.swift in Sources */ = {isa = PBXBuildFile; fileRef = C63C81DA29AC803A00567B1B /* FavouritesView.swift */; };
		C63C81DD29AC804A00567B1B /* RecentsView.swift in Sources */ = {isa = PBXBuildFile; fileRef = C63C81DC29AC804A00567B1B /* RecentsView.swift */; };
		C63C81DF29AC815C00567B1B /* GuidelinesView.swift in Sources */ = {isa = PBXBuildFile; fileRef = C63C81DE29AC815C00567B1B /* GuidelinesView.swift */; };
		C63C81E129AC838B00567B1B /* BottomSheetView.swift in Sources */ = {isa = PBXBuildFile; fileRef = C63C81E029AC838B00567B1B /* BottomSheetView.swift */; };
		C643D5532944C87600C5A77A /* NavigatorApp.swift in Sources */ = {isa = PBXBuildFile; fileRef = C643D5522944C87600C5A77A /* NavigatorApp.swift */; };
		C643D5572944C87A00C5A77A /* Assets.xcassets in Resources */ = {isa = PBXBuildFile; fileRef = C643D5562944C87A00C5A77A /* Assets.xcassets */; };
		C643D55A2944C87A00C5A77A /* Preview Assets.xcassets in Resources */ = {isa = PBXBuildFile; fileRef = C643D5592944C87A00C5A77A /* Preview Assets.xcassets */; };
		C643D5652947E6C600C5A77A /* MapView.swift in Sources */ = {isa = PBXBuildFile; fileRef = C643D5642947E6C600C5A77A /* MapView.swift */; };
		C643D567294CF03100C5A77A /* MapViewModel.swift in Sources */ = {isa = PBXBuildFile; fileRef = C643D566294CF03100C5A77A /* MapViewModel.swift */; };
		C643D5932954DF8400C5A77A /* EmptyView.swift in Sources */ = {isa = PBXBuildFile; fileRef = C643D5922954DF8400C5A77A /* EmptyView.swift */; };
/* End PBXBuildFile section */

/* Begin PBXFileReference section */
		64BE23CB29DBD0DC00CEE5F2 /* SearchView.swift */ = {isa = PBXFileReference; lastKnownFileType = sourcecode.swift; path = SearchView.swift; sourceTree = "<group>"; };
		64BE23CD29DBD7C900CEE5F2 /* Location Data.swift */ = {isa = PBXFileReference; lastKnownFileType = sourcecode.swift; path = "Location Data.swift"; sourceTree = "<group>"; };
		64BE23D129DBF26100CEE5F2 /* MOCK_DATA.json */ = {isa = PBXFileReference; fileEncoding = 4; lastKnownFileType = text.json; path = MOCK_DATA.json; sourceTree = "<group>"; };
		C63C81DA29AC803A00567B1B /* FavouritesView.swift */ = {isa = PBXFileReference; lastKnownFileType = sourcecode.swift; path = FavouritesView.swift; sourceTree = "<group>"; };
		C63C81DC29AC804A00567B1B /* RecentsView.swift */ = {isa = PBXFileReference; lastKnownFileType = sourcecode.swift; path = RecentsView.swift; sourceTree = "<group>"; };
		C63C81DE29AC815C00567B1B /* GuidelinesView.swift */ = {isa = PBXFileReference; lastKnownFileType = sourcecode.swift; path = GuidelinesView.swift; sourceTree = "<group>"; };
		C63C81E029AC838B00567B1B /* BottomSheetView.swift */ = {isa = PBXFileReference; lastKnownFileType = sourcecode.swift; path = BottomSheetView.swift; sourceTree = "<group>"; };
		C643D54F2944C87600C5A77A /* Navigator.app */ = {isa = PBXFileReference; explicitFileType = wrapper.application; includeInIndex = 0; path = Navigator.app; sourceTree = BUILT_PRODUCTS_DIR; };
		C643D5522944C87600C5A77A /* NavigatorApp.swift */ = {isa = PBXFileReference; lastKnownFileType = sourcecode.swift; path = NavigatorApp.swift; sourceTree = "<group>"; };
		C643D5562944C87A00C5A77A /* Assets.xcassets */ = {isa = PBXFileReference; lastKnownFileType = folder.assetcatalog; path = Assets.xcassets; sourceTree = "<group>"; };
		C643D5592944C87A00C5A77A /* Preview Assets.xcassets */ = {isa = PBXFileReference; lastKnownFileType = folder.assetcatalog; path = "Preview Assets.xcassets"; sourceTree = "<group>"; };
		C643D5642947E6C600C5A77A /* MapView.swift */ = {isa = PBXFileReference; lastKnownFileType = sourcecode.swift; path = MapView.swift; sourceTree = "<group>"; };
		C643D566294CF03100C5A77A /* MapViewModel.swift */ = {isa = PBXFileReference; lastKnownFileType = sourcecode.swift; path = MapViewModel.swift; sourceTree = "<group>"; };
		C643D5922954DF8400C5A77A /* EmptyView.swift */ = {isa = PBXFileReference; lastKnownFileType = sourcecode.swift; path = EmptyView.swift; sourceTree = "<group>"; };
/* End PBXFileReference section */

/* Begin PBXFrameworksBuildPhase section */
		C643D54C2944C87600C5A77A /* Frameworks */ = {
			isa = PBXFrameworksBuildPhase;
			buildActionMask = 2147483647;
			files = (
			);
			runOnlyForDeploymentPostprocessing = 0;
		};
/* End PBXFrameworksBuildPhase section */

/* Begin PBXGroup section */
		64BE23D029DBF26100CEE5F2 /* Services */ = {
			isa = PBXGroup;
			children = (
				64BE23D129DBF26100CEE5F2 /* MOCK_DATA.json */,
			);
			path = Services;
			sourceTree = "<group>";
		};
		C643D5462944C87600C5A77A = {
			isa = PBXGroup;
			children = (
				C643D5512944C87600C5A77A /* Navigator */,
				C643D5502944C87600C5A77A /* Products */,
			);
			sourceTree = "<group>";
		};
		C643D5502944C87600C5A77A /* Products */ = {
			isa = PBXGroup;
			children = (
				C643D54F2944C87600C5A77A /* Navigator.app */,
			);
			name = Products;
			sourceTree = "<group>";
		};
		C643D5512944C87600C5A77A /* Navigator */ = {
			isa = PBXGroup;
			children = (
				64BE23D029DBF26100CEE5F2 /* Services */,
				C643D58B2954594C00C5A77A /* ViewModels */,
				C643D58A2954594500C5A77A /* Models */,
				C643D5892954593800C5A77A /* Views */,
				C643D5522944C87600C5A77A /* NavigatorApp.swift */,
				C643D5562944C87A00C5A77A /* Assets.xcassets */,
				C643D5582944C87A00C5A77A /* Preview Content */,
			);
			path = Navigator;
			sourceTree = "<group>";
		};
		C643D5582944C87A00C5A77A /* Preview Content */ = {
			isa = PBXGroup;
			children = (
				C643D5592944C87A00C5A77A /* Preview Assets.xcassets */,
			);
			path = "Preview Content";
			sourceTree = "<group>";
		};
		C643D5892954593800C5A77A /* Views */ = {
			isa = PBXGroup;
			children = (
				C643D5642947E6C600C5A77A /* MapView.swift */,
				C643D5922954DF8400C5A77A /* EmptyView.swift */,
				C63C81DA29AC803A00567B1B /* FavouritesView.swift */,
				C63C81DC29AC804A00567B1B /* RecentsView.swift */,
				C63C81DE29AC815C00567B1B /* GuidelinesView.swift */,
				C63C81E029AC838B00567B1B /* BottomSheetView.swift */,
				64BE23CB29DBD0DC00CEE5F2 /* SearchView.swift */,
			);
			path = Views;
			sourceTree = "<group>";
		};
		C643D58A2954594500C5A77A /* Models */ = {
			isa = PBXGroup;
			children = (
				64BE23CD29DBD7C900CEE5F2 /* Location Data.swift */,
			);
			path = Models;
			sourceTree = "<group>";
		};
		C643D58B2954594C00C5A77A /* ViewModels */ = {
			isa = PBXGroup;
			children = (
				C643D566294CF03100C5A77A /* MapViewModel.swift */,
			);
			path = ViewModels;
			sourceTree = "<group>";
		};
/* End PBXGroup section */

/* Begin PBXNativeTarget section */
		C643D54E2944C87600C5A77A /* Navigator */ = {
			isa = PBXNativeTarget;
			buildConfigurationList = C643D55D2944C87A00C5A77A /* Build configuration list for PBXNativeTarget "Navigator" */;
			buildPhases = (
				C643D54B2944C87600C5A77A /* Sources */,
				C643D54C2944C87600C5A77A /* Frameworks */,
				C643D54D2944C87600C5A77A /* Resources */,
			);
			buildRules = (
			);
			dependencies = (
			);
			name = Navigator;
			productName = Navigator;
			productReference = C643D54F2944C87600C5A77A /* Navigator.app */;
			productType = "com.apple.product-type.application";
		};
/* End PBXNativeTarget section */

/* Begin PBXProject section */
		C643D5472944C87600C5A77A /* Project object */ = {
			isa = PBXProject;
			attributes = {
				BuildIndependentTargetsInParallel = 1;
				LastSwiftUpdateCheck = 1340;
				LastUpgradeCheck = 1340;
				TargetAttributes = {
					C643D54E2944C87600C5A77A = {
						CreatedOnToolsVersion = 13.4.1;
					};
				};
			};
			buildConfigurationList = C643D54A2944C87600C5A77A /* Build configuration list for PBXProject "Navigator" */;
			compatibilityVersion = "Xcode 13.0";
			developmentRegion = en;
			hasScannedForEncodings = 0;
			knownRegions = (
				en,
				Base,
			);
			mainGroup = C643D5462944C87600C5A77A;
			productRefGroup = C643D5502944C87600C5A77A /* Products */;
			projectDirPath = "";
			projectRoot = "";
			targets = (
				C643D54E2944C87600C5A77A /* Navigator */,
			);
		};
/* End PBXProject section */

/* Begin PBXResourcesBuildPhase section */
		C643D54D2944C87600C5A77A /* Resources */ = {
			isa = PBXResourcesBuildPhase;
			buildActionMask = 2147483647;
			files = (
				64BE23D229DBF26100CEE5F2 /* MOCK_DATA.json in Resources */,
				C643D55A2944C87A00C5A77A /* Preview Assets.xcassets in Resources */,
				C643D5572944C87A00C5A77A /* Assets.xcassets in Resources */,
			);
			runOnlyForDeploymentPostprocessing = 0;
		};
/* End PBXResourcesBuildPhase section */

/* Begin PBXSourcesBuildPhase section */
		C643D54B2944C87600C5A77A /* Sources */ = {
			isa = PBXSourcesBuildPhase;
			buildActionMask = 2147483647;
			files = (
				C63C81DF29AC815C00567B1B /* GuidelinesView.swift in Sources */,
				C643D567294CF03100C5A77A /* MapViewModel.swift in Sources */,
				C63C81E129AC838B00567B1B /* BottomSheetView.swift in Sources */,
				64BE23CE29DBD7C900CEE5F2 /* Location Data.swift in Sources */,
				C643D5652947E6C600C5A77A /* MapView.swift in Sources */,
				C63C81DD29AC804A00567B1B /* RecentsView.swift in Sources */,
				C643D5932954DF8400C5A77A /* EmptyView.swift in Sources */,
				64BE23CC29DBD0DC00CEE5F2 /* SearchView.swift in Sources */,
				C63C81DB29AC803A00567B1B /* FavouritesView.swift in Sources */,
				C643D5532944C87600C5A77A /* NavigatorApp.swift in Sources */,
			);
			runOnlyForDeploymentPostprocessing = 0;
		};
/* End PBXSourcesBuildPhase section */

/* Begin XCBuildConfiguration section */
		C643D55B2944C87A00C5A77A /* Debug */ = {
			isa = XCBuildConfiguration;
			buildSettings = {
				ALWAYS_SEARCH_USER_PATHS = NO;
				CLANG_ANALYZER_NONNULL = YES;
				CLANG_ANALYZER_NUMBER_OBJECT_CONVERSION = YES_AGGRESSIVE;
				CLANG_CXX_LANGUAGE_STANDARD = "gnu++17";
				CLANG_ENABLE_MODULES = YES;
				CLANG_ENABLE_OBJC_ARC = YES;
				CLANG_ENABLE_OBJC_WEAK = YES;
				CLANG_WARN_BLOCK_CAPTURE_AUTORELEASING = YES;
				CLANG_WARN_BOOL_CONVERSION = YES;
				CLANG_WARN_COMMA = YES;
				CLANG_WARN_CONSTANT_CONVERSION = YES;
				CLANG_WARN_DEPRECATED_OBJC_IMPLEMENTATIONS = YES;
				CLANG_WARN_DIRECT_OBJC_ISA_USAGE = YES_ERROR;
				CLANG_WARN_DOCUMENTATION_COMMENTS = YES;
				CLANG_WARN_EMPTY_BODY = YES;
				CLANG_WARN_ENUM_CONVERSION = YES;
				CLANG_WARN_INFINITE_RECURSION = YES;
				CLANG_WARN_INT_CONVERSION = YES;
				CLANG_WARN_NON_LITERAL_NULL_CONVERSION = YES;
				CLANG_WARN_OBJC_IMPLICIT_RETAIN_SELF = YES;
				CLANG_WARN_OBJC_LITERAL_CONVERSION = YES;
				CLANG_WARN_OBJC_ROOT_CLASS = YES_ERROR;
				CLANG_WARN_QUOTED_INCLUDE_IN_FRAMEWORK_HEADER = YES;
				CLANG_WARN_RANGE_LOOP_ANALYSIS = YES;
				CLANG_WARN_STRICT_PROTOTYPES = YES;
				CLANG_WARN_SUSPICIOUS_MOVE = YES;
				CLANG_WARN_UNGUARDED_AVAILABILITY = YES_AGGRESSIVE;
				CLANG_WARN_UNREACHABLE_CODE = YES;
				CLANG_WARN__DUPLICATE_METHOD_MATCH = YES;
				COPY_PHASE_STRIP = NO;
				DEBUG_INFORMATION_FORMAT = dwarf;
				ENABLE_STRICT_OBJC_MSGSEND = YES;
				ENABLE_TESTABILITY = YES;
				GCC_C_LANGUAGE_STANDARD = gnu11;
				GCC_DYNAMIC_NO_PIC = NO;
				GCC_NO_COMMON_BLOCKS = YES;
				GCC_OPTIMIZATION_LEVEL = 0;
				GCC_PREPROCESSOR_DEFINITIONS = (
					"DEBUG=1",
					"$(inherited)",
				);
				GCC_WARN_64_TO_32_BIT_CONVERSION = YES;
				GCC_WARN_ABOUT_RETURN_TYPE = YES_ERROR;
				GCC_WARN_UNDECLARED_SELECTOR = YES;
				GCC_WARN_UNINITIALIZED_AUTOS = YES_AGGRESSIVE;
				GCC_WARN_UNUSED_FUNCTION = YES;
				GCC_WARN_UNUSED_VARIABLE = YES;
				IPHONEOS_DEPLOYMENT_TARGET = 15.5;
				MTL_ENABLE_DEBUG_INFO = INCLUDE_SOURCE;
				MTL_FAST_MATH = YES;
				ONLY_ACTIVE_ARCH = YES;
				SDKROOT = iphoneos;
				SWIFT_ACTIVE_COMPILATION_CONDITIONS = DEBUG;
				SWIFT_OPTIMIZATION_LEVEL = "-Onone";
			};
			name = Debug;
		};
		C643D55C2944C87A00C5A77A /* Release */ = {
			isa = XCBuildConfiguration;
			buildSettings = {
				ALWAYS_SEARCH_USER_PATHS = NO;
				CLANG_ANALYZER_NONNULL = YES;
				CLANG_ANALYZER_NUMBER_OBJECT_CONVERSION = YES_AGGRESSIVE;
				CLANG_CXX_LANGUAGE_STANDARD = "gnu++17";
				CLANG_ENABLE_MODULES = YES;
				CLANG_ENABLE_OBJC_ARC = YES;
				CLANG_ENABLE_OBJC_WEAK = YES;
				CLANG_WARN_BLOCK_CAPTURE_AUTORELEASING = YES;
				CLANG_WARN_BOOL_CONVERSION = YES;
				CLANG_WARN_COMMA = YES;
				CLANG_WARN_CONSTANT_CONVERSION = YES;
				CLANG_WARN_DEPRECATED_OBJC_IMPLEMENTATIONS = YES;
				CLANG_WARN_DIRECT_OBJC_ISA_USAGE = YES_ERROR;
				CLANG_WARN_DOCUMENTATION_COMMENTS = YES;
				CLANG_WARN_EMPTY_BODY = YES;
				CLANG_WARN_ENUM_CONVERSION = YES;
				CLANG_WARN_INFINITE_RECURSION = YES;
				CLANG_WARN_INT_CONVERSION = YES;
				CLANG_WARN_NON_LITERAL_NULL_CONVERSION = YES;
				CLANG_WARN_OBJC_IMPLICIT_RETAIN_SELF = YES;
				CLANG_WARN_OBJC_LITERAL_CONVERSION = YES;
				CLANG_WARN_OBJC_ROOT_CLASS = YES_ERROR;
				CLANG_WARN_QUOTED_INCLUDE_IN_FRAMEWORK_HEADER = YES;
				CLANG_WARN_RANGE_LOOP_ANALYSIS = YES;
				CLANG_WARN_STRICT_PROTOTYPES = YES;
				CLANG_WARN_SUSPICIOUS_MOVE = YES;
				CLANG_WARN_UNGUARDED_AVAILABILITY = YES_AGGRESSIVE;
				CLANG_WARN_UNREACHABLE_CODE = YES;
				CLANG_WARN__DUPLICATE_METHOD_MATCH = YES;
				COPY_PHASE_STRIP = NO;
				DEBUG_INFORMATION_FORMAT = "dwarf-with-dsym";
				ENABLE_NS_ASSERTIONS = NO;
				ENABLE_STRICT_OBJC_MSGSEND = YES;
				GCC_C_LANGUAGE_STANDARD = gnu11;
				GCC_NO_COMMON_BLOCKS = YES;
				GCC_WARN_64_TO_32_BIT_CONVERSION = YES;
				GCC_WARN_ABOUT_RETURN_TYPE = YES_ERROR;
				GCC_WARN_UNDECLARED_SELECTOR = YES;
				GCC_WARN_UNINITIALIZED_AUTOS = YES_AGGRESSIVE;
				GCC_WARN_UNUSED_FUNCTION = YES;
				GCC_WARN_UNUSED_VARIABLE = YES;
				IPHONEOS_DEPLOYMENT_TARGET = 15.5;
				MTL_ENABLE_DEBUG_INFO = NO;
				MTL_FAST_MATH = YES;
				SDKROOT = iphoneos;
				SWIFT_COMPILATION_MODE = wholemodule;
				SWIFT_OPTIMIZATION_LEVEL = "-O";
				VALIDATE_PRODUCT = YES;
			};
			name = Release;
		};
		C643D55E2944C87A00C5A77A /* Debug */ = {
			isa = XCBuildConfiguration;
			buildSettings = {
				ASSETCATALOG_COMPILER_APPICON_NAME = AppIcon;
				ASSETCATALOG_COMPILER_GLOBAL_ACCENT_COLOR_NAME = AccentColor;
				CODE_SIGN_STYLE = Automatic;
				CURRENT_PROJECT_VERSION = 1;
				DEVELOPMENT_ASSET_PATHS = "\"Navigator/Preview Content\"";
				DEVELOPMENT_TEAM = CR6NSSU9AD;
				ENABLE_PREVIEWS = YES;
				GENERATE_INFOPLIST_FILE = YES;
				INFOPLIST_KEY_NSLocationWhenInUseUsageDescription = "This app needs your location to show it on the map. ";
				INFOPLIST_KEY_UIApplicationSceneManifest_Generation = YES;
				INFOPLIST_KEY_UIApplicationSupportsIndirectInputEvents = YES;
				INFOPLIST_KEY_UILaunchScreen_Generation = YES;
				INFOPLIST_KEY_UISupportedInterfaceOrientations_iPad = "UIInterfaceOrientationPortrait UIInterfaceOrientationPortraitUpsideDown UIInterfaceOrientationLandscapeLeft UIInterfaceOrientationLandscapeRight";
				INFOPLIST_KEY_UISupportedInterfaceOrientations_iPhone = "UIInterfaceOrientationPortrait UIInterfaceOrientationLandscapeLeft UIInterfaceOrientationLandscapeRight";
				LD_RUNPATH_SEARCH_PATHS = (
					"$(inherited)",
					"@executable_path/Frameworks",
				);
				MARKETING_VERSION = 1.0;
				PRODUCT_BUNDLE_IDENTIFIER = com.MakoriChacha.Navigator;
				PRODUCT_NAME = "$(TARGET_NAME)";
				SWIFT_EMIT_LOC_STRINGS = YES;
				SWIFT_VERSION = 5.0;
				TARGETED_DEVICE_FAMILY = "1,2";
			};
			name = Debug;
		};
		C643D55F2944C87A00C5A77A /* Release */ = {
			isa = XCBuildConfiguration;
			buildSettings = {
				ASSETCATALOG_COMPILER_APPICON_NAME = AppIcon;
				ASSETCATALOG_COMPILER_GLOBAL_ACCENT_COLOR_NAME = AccentColor;
				CODE_SIGN_STYLE = Automatic;
				CURRENT_PROJECT_VERSION = 1;
				DEVELOPMENT_ASSET_PATHS = "\"Navigator/Preview Content\"";
				DEVELOPMENT_TEAM = CR6NSSU9AD;
				ENABLE_PREVIEWS = YES;
				GENERATE_INFOPLIST_FILE = YES;
				INFOPLIST_KEY_NSLocationWhenInUseUsageDescription = "This app needs your location to show it on the map. ";
				INFOPLIST_KEY_UIApplicationSceneManifest_Generation = YES;
				INFOPLIST_KEY_UIApplicationSupportsIndirectInputEvents = YES;
				INFOPLIST_KEY_UILaunchScreen_Generation = YES;
				INFOPLIST_KEY_UISupportedInterfaceOrientations_iPad = "UIInterfaceOrientationPortrait UIInterfaceOrientationPortraitUpsideDown UIInterfaceOrientationLandscapeLeft UIInterfaceOrientationLandscapeRight";
				INFOPLIST_KEY_UISupportedInterfaceOrientations_iPhone = "UIInterfaceOrientationPortrait UIInterfaceOrientationLandscapeLeft UIInterfaceOrientationLandscapeRight";
				LD_RUNPATH_SEARCH_PATHS = (
					"$(inherited)",
					"@executable_path/Frameworks",
				);
				MARKETING_VERSION = 1.0;
				PRODUCT_BUNDLE_IDENTIFIER = com.MakoriChacha.Navigator;
				PRODUCT_NAME = "$(TARGET_NAME)";
				SWIFT_EMIT_LOC_STRINGS = YES;
				SWIFT_VERSION = 5.0;
				TARGETED_DEVICE_FAMILY = "1,2";
			};
			name = Release;
		};
/* End XCBuildConfiguration section */

/* Begin XCConfigurationList section */
		C643D54A2944C87600C5A77A /* Build configuration list for PBXProject "Navigator" */ = {
			isa = XCConfigurationList;
			buildConfigurations = (
				C643D55B2944C87A00C5A77A /* Debug */,
				C643D55C2944C87A00C5A77A /* Release */,
			);
			defaultConfigurationIsVisible = 0;
			defaultConfigurationName = Release;
		};
		C643D55D2944C87A00C5A77A /* Build configuration list for PBXNativeTarget "Navigator" */ = {
			isa = XCConfigurationList;
			buildConfigurations = (
				C643D55E2944C87A00C5A77A /* Debug */,
				C643D55F2944C87A00C5A77A /* Release */,
			);
			defaultConfigurationIsVisible = 0;
			defaultConfigurationName = Release;
		};
/* End XCConfigurationList section */
	};
	rootObject = C643D5472944C87600C5A77A /* Project object */;
}
